// !$*UTF8*$!
{
	archiveVersion = 1;
	classes = {
	};
	objectVersion = 50;
	objects = {

/* Begin PBXBuildFile section */
		0128F8E325BA567F00B3E674 /* QTPlayer.swift in Sources */ = {isa = PBXBuildFile; fileRef = 0128F8E225BA567F00B3E674 /* QTPlayer.swift */; };
		0183DE4E25C1344200EA4C41 /* ASSShaders.metal in Sources */ = {isa = PBXBuildFile; fileRef = 0183DE4D25C1344200EA4C41 /* ASSShaders.metal */; };
		018A78E925C7A50300319632 /* ASSShaderTypes.swift in Sources */ = {isa = PBXBuildFile; fileRef = 018A78E825C7A50300319632 /* ASSShaderTypes.swift */; };
		0198EA0A25BBC961002D0B2A /* AXSwift.framework in Frameworks */ = {isa = PBXBuildFile; fileRef = 0198EA0825BBC961002D0B2A /* AXSwift.framework */; };
		0198EA0B25BBC96D002D0B2A /* AXSwift.framework in Embed Libraries */ = {isa = PBXBuildFile; fileRef = 0198EA0825BBC961002D0B2A /* AXSwift.framework */; settings = {ATTRIBUTES = (CodeSignOnCopy, RemoveHeadersOnCopy, ); }; };
		01A588C825B9351400B3C164 /* QuickTime Player.swift in Sources */ = {isa = PBXBuildFile; fileRef = 01A588C725B9351400B3C164 /* QuickTime Player.swift */; };
		01AB45F725DA42D200B3C796 /* PreferencesViewController.swift in Sources */ = {isa = PBXBuildFile; fileRef = 01AB45F625DA42D200B3C796 /* PreferencesViewController.swift */; };
		01E64E5825B549C900BF1AE3 /* AppDelegate.swift in Sources */ = {isa = PBXBuildFile; fileRef = 01E64E5725B549C900BF1AE3 /* AppDelegate.swift */; };
		01E64E5A25B549C900BF1AE3 /* MainViewController.swift in Sources */ = {isa = PBXBuildFile; fileRef = 01E64E5925B549C900BF1AE3 /* MainViewController.swift */; };
		01E64E5C25B549CC00BF1AE3 /* Assets.xcassets in Resources */ = {isa = PBXBuildFile; fileRef = 01E64E5B25B549CC00BF1AE3 /* Assets.xcassets */; };
		01E64E5F25B549CC00BF1AE3 /* Main.storyboard in Resources */ = {isa = PBXBuildFile; fileRef = 01E64E5D25B549CC00BF1AE3 /* Main.storyboard */; };
		01E64E6D25B54A5900BF1AE3 /* libass.9.dylib in Frameworks */ = {isa = PBXBuildFile; fileRef = 01E64E6C25B54A5900BF1AE3 /* libass.9.dylib */; };
		01E64E6E25B54A5A00BF1AE3 /* libass.9.dylib in Embed Libraries */ = {isa = PBXBuildFile; fileRef = 01E64E6C25B54A5900BF1AE3 /* libass.9.dylib */; settings = {ATTRIBUTES = (CodeSignOnCopy, ); }; };
		01E64E7A25B54CFA00BF1AE3 /* Libass.swift in Sources */ = {isa = PBXBuildFile; fileRef = 01E64E7725B54CFA00BF1AE3 /* Libass.swift */; };
		01E64E7B25B54CFA00BF1AE3 /* LibassBlendImage.c in Sources */ = {isa = PBXBuildFile; fileRef = 01E64E7825B54CFA00BF1AE3 /* LibassBlendImage.c */; };
		01E64E8325B57CDF00BF1AE3 /* PointerExtension.swift in Sources */ = {isa = PBXBuildFile; fileRef = 01E64E8225B57CDF00BF1AE3 /* PointerExtension.swift */; };
		01E64E9F25B6C46E00BF1AE3 /* Cartfile in Resources */ = {isa = PBXBuildFile; fileRef = 01E64E9E25B6C46E00BF1AE3 /* Cartfile */; };
		01E64EA525B6C6B600BF1AE3 /* Sparkle.framework in Frameworks */ = {isa = PBXBuildFile; fileRef = 01E64EA125B6C6B500BF1AE3 /* Sparkle.framework */; };
		01E64EA925B6C6E700BF1AE3 /* Sparkle.framework in Embed Libraries */ = {isa = PBXBuildFile; fileRef = 01E64EA125B6C6B500BF1AE3 /* Sparkle.framework */; settings = {ATTRIBUTES = (CodeSignOnCopy, RemoveHeadersOnCopy, ); }; };
		01E64EAB25B6E7B300BF1AE3 /* MainWindowController.swift in Sources */ = {isa = PBXBuildFile; fileRef = 01E64EAA25B6E7B300BF1AE3 /* MainWindowController.swift */; };
		01E64EAD25B855B800BF1AE3 /* NotificationNames.swift in Sources */ = {isa = PBXBuildFile; fileRef = 01E64EAC25B855B800BF1AE3 /* NotificationNames.swift */; };
/* End PBXBuildFile section */

/* Begin PBXCopyFilesBuildPhase section */
		01E64E6F25B54A5A00BF1AE3 /* Embed Libraries */ = {
			isa = PBXCopyFilesBuildPhase;
			buildActionMask = 2147483647;
			dstPath = "";
			dstSubfolderSpec = 10;
			files = (
				0198EA0B25BBC96D002D0B2A /* AXSwift.framework in Embed Libraries */,
				01E64EA925B6C6E700BF1AE3 /* Sparkle.framework in Embed Libraries */,
				01E64E6E25B54A5A00BF1AE3 /* libass.9.dylib in Embed Libraries */,
			);
			name = "Embed Libraries";
			runOnlyForDeploymentPostprocessing = 0;
		};
		01E64E9B25B5A79E00BF1AE3 /* CopyFiles */ = {
			isa = PBXCopyFilesBuildPhase;
			buildActionMask = 2147483647;
			dstPath = "";
			dstSubfolderSpec = 7;
			files = (
			);
			runOnlyForDeploymentPostprocessing = 0;
		};
/* End PBXCopyFilesBuildPhase section */

/* Begin PBXFileReference section */
		0128F8E225BA567F00B3E674 /* QTPlayer.swift */ = {isa = PBXFileReference; lastKnownFileType = sourcecode.swift; path = QTPlayer.swift; sourceTree = "<group>"; };
		0183DE4D25C1344200EA4C41 /* ASSShaders.metal */ = {isa = PBXFileReference; lastKnownFileType = sourcecode.metal; path = ASSShaders.metal; sourceTree = "<group>"; };
		018A78E825C7A50300319632 /* ASSShaderTypes.swift */ = {isa = PBXFileReference; lastKnownFileType = sourcecode.swift; path = ASSShaderTypes.swift; sourceTree = "<group>"; };
		0198EA0725BBC961002D0B2A /* AXSwift.framework.dSYM */ = {isa = PBXFileReference; lastKnownFileType = wrapper.dsym; name = AXSwift.framework.dSYM; path = Carthage/Build/Mac/AXSwift.framework.dSYM; sourceTree = "<group>"; };
		0198EA0825BBC961002D0B2A /* AXSwift.framework */ = {isa = PBXFileReference; lastKnownFileType = wrapper.framework; name = AXSwift.framework; path = Carthage/Build/Mac/AXSwift.framework; sourceTree = "<group>"; };
		01A588C725B9351400B3C164 /* QuickTime Player.swift */ = {isa = PBXFileReference; fileEncoding = 4; lastKnownFileType = sourcecode.swift; path = "QuickTime Player.swift"; sourceTree = "<group>"; };
		01A588C925B9356400B3C164 /* QuickTime Player.h */ = {isa = PBXFileReference; lastKnownFileType = sourcecode.c.h; path = "QuickTime Player.h"; sourceTree = "<group>"; };
		01AB45F625DA42D200B3C796 /* PreferencesViewController.swift */ = {isa = PBXFileReference; lastKnownFileType = sourcecode.swift; path = PreferencesViewController.swift; sourceTree = "<group>"; };
		01E64E5425B549C900BF1AE3 /* QuickTime ASS.app */ = {isa = PBXFileReference; explicitFileType = wrapper.application; includeInIndex = 0; path = "QuickTime ASS.app"; sourceTree = BUILT_PRODUCTS_DIR; };
		01E64E5725B549C900BF1AE3 /* AppDelegate.swift */ = {isa = PBXFileReference; lastKnownFileType = sourcecode.swift; path = AppDelegate.swift; sourceTree = "<group>"; };
		01E64E5925B549C900BF1AE3 /* MainViewController.swift */ = {isa = PBXFileReference; lastKnownFileType = sourcecode.swift; path = MainViewController.swift; sourceTree = "<group>"; };
		01E64E5B25B549CC00BF1AE3 /* Assets.xcassets */ = {isa = PBXFileReference; lastKnownFileType = folder.assetcatalog; path = Assets.xcassets; sourceTree = "<group>"; };
		01E64E5E25B549CC00BF1AE3 /* Base */ = {isa = PBXFileReference; lastKnownFileType = file.storyboard; name = Base; path = Base.lproj/Main.storyboard; sourceTree = "<group>"; };
		01E64E6025B549CC00BF1AE3 /* Info.plist */ = {isa = PBXFileReference; lastKnownFileType = text.plist.xml; path = Info.plist; sourceTree = "<group>"; };
		01E64E6825B54A1200BF1AE3 /* libass */ = {isa = PBXFileReference; lastKnownFileType = folder; path = libass; sourceTree = "<group>"; };
		01E64E6C25B54A5900BF1AE3 /* libass.9.dylib */ = {isa = PBXFileReference; lastKnownFileType = "compiled.mach-o.dylib"; name = libass.9.dylib; path = libass/lib/libass.9.dylib; sourceTree = "<group>"; };
		01E64E7025B54A8900BF1AE3 /* QuickTime ASS-Bridging-Header.h */ = {isa = PBXFileReference; lastKnownFileType = sourcecode.c.h; path = "QuickTime ASS-Bridging-Header.h"; sourceTree = "<group>"; };
		01E64E7725B54CFA00BF1AE3 /* Libass.swift */ = {isa = PBXFileReference; fileEncoding = 4; lastKnownFileType = sourcecode.swift; path = Libass.swift; sourceTree = "<group>"; };
		01E64E7825B54CFA00BF1AE3 /* LibassBlendImage.c */ = {isa = PBXFileReference; fileEncoding = 4; lastKnownFileType = sourcecode.c.c; path = LibassBlendImage.c; sourceTree = "<group>"; };
		01E64E7925B54CFA00BF1AE3 /* LibassBlendImage.h */ = {isa = PBXFileReference; fileEncoding = 4; lastKnownFileType = sourcecode.c.h; path = LibassBlendImage.h; sourceTree = "<group>"; };
		01E64E8225B57CDF00BF1AE3 /* PointerExtension.swift */ = {isa = PBXFileReference; fileEncoding = 4; lastKnownFileType = sourcecode.swift; path = PointerExtension.swift; sourceTree = "<group>"; };
		01E64E9E25B6C46E00BF1AE3 /* Cartfile */ = {isa = PBXFileReference; fileEncoding = 4; lastKnownFileType = text; path = Cartfile; sourceTree = "<group>"; };
		01E64EA125B6C6B500BF1AE3 /* Sparkle.framework */ = {isa = PBXFileReference; lastKnownFileType = wrapper.framework; name = Sparkle.framework; path = Carthage/Build/Mac/Sparkle.framework; sourceTree = "<group>"; };
		01E64EA325B6C6B500BF1AE3 /* Sparkle.framework.dSYM */ = {isa = PBXFileReference; lastKnownFileType = wrapper.dsym; name = Sparkle.framework.dSYM; path = Carthage/Build/Mac/Sparkle.framework.dSYM; sourceTree = "<group>"; };
		01E64EAA25B6E7B300BF1AE3 /* MainWindowController.swift */ = {isa = PBXFileReference; lastKnownFileType = sourcecode.swift; name = MainWindowController.swift; path = ../MainWindowController.swift; sourceTree = "<group>"; };
		01E64EAC25B855B800BF1AE3 /* NotificationNames.swift */ = {isa = PBXFileReference; lastKnownFileType = sourcecode.swift; path = NotificationNames.swift; sourceTree = "<group>"; };
/* End PBXFileReference section */

/* Begin PBXFrameworksBuildPhase section */
		01E64E5125B549C900BF1AE3 /* Frameworks */ = {
			isa = PBXFrameworksBuildPhase;
			buildActionMask = 2147483647;
			files = (
				01E64E6D25B54A5900BF1AE3 /* libass.9.dylib in Frameworks */,
				01E64EA525B6C6B600BF1AE3 /* Sparkle.framework in Frameworks */,
				0198EA0A25BBC961002D0B2A /* AXSwift.framework in Frameworks */,
			);
			runOnlyForDeploymentPostprocessing = 0;
		};
/* End PBXFrameworksBuildPhase section */

/* Begin PBXGroup section */
		01AB464925DE174200B3C796 /* Views */ = {
			isa = PBXGroup;
			children = (
				01E64EAA25B6E7B300BF1AE3 /* MainWindowController.swift */,
				01E64E5925B549C900BF1AE3 /* MainViewController.swift */,
				01AB45F625DA42D200B3C796 /* PreferencesViewController.swift */,
				01E64E5D25B549CC00BF1AE3 /* Main.storyboard */,
			);
			path = Views;
			sourceTree = "<group>";
		};
		01E64E4B25B549C900BF1AE3 = {
			isa = PBXGroup;
			children = (
				01E64E9E25B6C46E00BF1AE3 /* Cartfile */,
				01E64E6825B54A1200BF1AE3 /* libass */,
				01E64E5625B549C900BF1AE3 /* QuickTime ASS */,
				01E64E5525B549C900BF1AE3 /* Products */,
				01E64E6B25B54A5900BF1AE3 /* Frameworks */,
			);
			sourceTree = "<group>";
		};
		01E64E5525B549C900BF1AE3 /* Products */ = {
			isa = PBXGroup;
			children = (
				01E64E5425B549C900BF1AE3 /* QuickTime ASS.app */,
			);
			name = Products;
			sourceTree = "<group>";
		};
		01E64E5625B549C900BF1AE3 /* QuickTime ASS */ = {
			isa = PBXGroup;
			children = (
				01A588C925B9356400B3C164 /* QuickTime Player.h */,
				01A588C725B9351400B3C164 /* QuickTime Player.swift */,
				01E64E8125B57CD500BF1AE3 /* Extensions */,
				01E64E7625B54CEA00BF1AE3 /* libass */,
				01AB464925DE174200B3C796 /* Views */,
				01E64E5725B549C900BF1AE3 /* AppDelegate.swift */,
				01E64E5B25B549CC00BF1AE3 /* Assets.xcassets */,
				01E64E6025B549CC00BF1AE3 /* Info.plist */,
				01E64E7025B54A8900BF1AE3 /* QuickTime ASS-Bridging-Header.h */,
				0128F8E225BA567F00B3E674 /* QTPlayer.swift */,
			);
			path = "QuickTime ASS";
			sourceTree = "<group>";
		};
		01E64E6B25B54A5900BF1AE3 /* Frameworks */ = {
			isa = PBXGroup;
			children = (
				0198EA0825BBC961002D0B2A /* AXSwift.framework */,
				0198EA0725BBC961002D0B2A /* AXSwift.framework.dSYM */,
				01E64EA125B6C6B500BF1AE3 /* Sparkle.framework */,
				01E64EA325B6C6B500BF1AE3 /* Sparkle.framework.dSYM */,
				01E64E6C25B54A5900BF1AE3 /* libass.9.dylib */,
			);
			name = Frameworks;
			sourceTree = "<group>";
		};
		01E64E7625B54CEA00BF1AE3 /* libass */ = {
			isa = PBXGroup;
			children = (
				01E64E7725B54CFA00BF1AE3 /* Libass.swift */,
				01E64E7825B54CFA00BF1AE3 /* LibassBlendImage.c */,
				01E64E7925B54CFA00BF1AE3 /* LibassBlendImage.h */,
				0183DE4D25C1344200EA4C41 /* ASSShaders.metal */,
				018A78E825C7A50300319632 /* ASSShaderTypes.swift */,
			);
			path = libass;
			sourceTree = "<group>";
		};
		01E64E8125B57CD500BF1AE3 /* Extensions */ = {
			isa = PBXGroup;
			children = (
				01E64E8225B57CDF00BF1AE3 /* PointerExtension.swift */,
				01E64EAC25B855B800BF1AE3 /* NotificationNames.swift */,
			);
			path = Extensions;
			sourceTree = "<group>";
		};
/* End PBXGroup section */

/* Begin PBXNativeTarget section */
		01E64E5325B549C900BF1AE3 /* QuickTime ASS */ = {
			isa = PBXNativeTarget;
			buildConfigurationList = 01E64E6425B549CC00BF1AE3 /* Build configuration list for PBXNativeTarget "QuickTime ASS" */;
			buildPhases = (
				01E64E5025B549C900BF1AE3 /* Sources */,
				01E64E5125B549C900BF1AE3 /* Frameworks */,
				01E64E5225B549C900BF1AE3 /* Resources */,
				01E64E6F25B54A5A00BF1AE3 /* Embed Libraries */,
				01E64E9B25B5A79E00BF1AE3 /* CopyFiles */,
			);
			buildRules = (
			);
			dependencies = (
			);
			name = "QuickTime ASS";
			productName = "QuickTime ASS";
			productReference = 01E64E5425B549C900BF1AE3 /* QuickTime ASS.app */;
			productType = "com.apple.product-type.application";
		};
/* End PBXNativeTarget section */

/* Begin PBXProject section */
		01E64E4C25B549C900BF1AE3 /* Project object */ = {
			isa = PBXProject;
			attributes = {
				LastSwiftUpdateCheck = 1230;
				LastUpgradeCheck = 1240;
				TargetAttributes = {
					01E64E5325B549C900BF1AE3 = {
						CreatedOnToolsVersion = 12.3;
						LastSwiftMigration = 1230;
					};
				};
			};
			buildConfigurationList = 01E64E4F25B549C900BF1AE3 /* Build configuration list for PBXProject "QuickTime ASS" */;
			compatibilityVersion = "Xcode 9.3";
			developmentRegion = en;
			hasScannedForEncodings = 0;
			knownRegions = (
				en,
				Base,
			);
			mainGroup = 01E64E4B25B549C900BF1AE3;
			productRefGroup = 01E64E5525B549C900BF1AE3 /* Products */;
			projectDirPath = "";
			projectRoot = "";
			targets = (
				01E64E5325B549C900BF1AE3 /* QuickTime ASS */,
			);
		};
/* End PBXProject section */

/* Begin PBXResourcesBuildPhase section */
		01E64E5225B549C900BF1AE3 /* Resources */ = {
			isa = PBXResourcesBuildPhase;
			buildActionMask = 2147483647;
			files = (
				01E64E9F25B6C46E00BF1AE3 /* Cartfile in Resources */,
				01E64E5C25B549CC00BF1AE3 /* Assets.xcassets in Resources */,
				01E64E5F25B549CC00BF1AE3 /* Main.storyboard in Resources */,
			);
			runOnlyForDeploymentPostprocessing = 0;
		};
/* End PBXResourcesBuildPhase section */

/* Begin PBXSourcesBuildPhase section */
		01E64E5025B549C900BF1AE3 /* Sources */ = {
			isa = PBXSourcesBuildPhase;
			buildActionMask = 2147483647;
			files = (
				01E64E7A25B54CFA00BF1AE3 /* Libass.swift in Sources */,
				01E64E7B25B54CFA00BF1AE3 /* LibassBlendImage.c in Sources */,
				01A588C825B9351400B3C164 /* QuickTime Player.swift in Sources */,
				018A78E925C7A50300319632 /* ASSShaderTypes.swift in Sources */,
				01E64E5A25B549C900BF1AE3 /* MainViewController.swift in Sources */,
				0183DE4E25C1344200EA4C41 /* ASSShaders.metal in Sources */,
				01E64E8325B57CDF00BF1AE3 /* PointerExtension.swift in Sources */,
				01E64EAD25B855B800BF1AE3 /* NotificationNames.swift in Sources */,
				01E64E5825B549C900BF1AE3 /* AppDelegate.swift in Sources */,
				01E64EAB25B6E7B300BF1AE3 /* MainWindowController.swift in Sources */,
				0128F8E325BA567F00B3E674 /* QTPlayer.swift in Sources */,
				01AB45F725DA42D200B3C796 /* PreferencesViewController.swift in Sources */,
			);
			runOnlyForDeploymentPostprocessing = 0;
		};
/* End PBXSourcesBuildPhase section */

/* Begin PBXVariantGroup section */
		01E64E5D25B549CC00BF1AE3 /* Main.storyboard */ = {
			isa = PBXVariantGroup;
			children = (
				01E64E5E25B549CC00BF1AE3 /* Base */,
			);
			name = Main.storyboard;
			sourceTree = "<group>";
		};
/* End PBXVariantGroup section */

/* Begin XCBuildConfiguration section */
		01E64E6225B549CC00BF1AE3 /* Debug */ = {
			isa = XCBuildConfiguration;
			buildSettings = {
				ALWAYS_SEARCH_USER_PATHS = NO;
				CLANG_ANALYZER_NONNULL = YES;
				CLANG_ANALYZER_NUMBER_OBJECT_CONVERSION = YES_AGGRESSIVE;
				CLANG_CXX_LANGUAGE_STANDARD = "gnu++14";
				CLANG_CXX_LIBRARY = "libc++";
				CLANG_ENABLE_MODULES = YES;
				CLANG_ENABLE_OBJC_ARC = YES;
				CLANG_ENABLE_OBJC_WEAK = YES;
				CLANG_WARN_BLOCK_CAPTURE_AUTORELEASING = YES;
				CLANG_WARN_BOOL_CONVERSION = YES;
				CLANG_WARN_COMMA = YES;
				CLANG_WARN_CONSTANT_CONVERSION = YES;
				CLANG_WARN_DEPRECATED_OBJC_IMPLEMENTATIONS = YES;
				CLANG_WARN_DIRECT_OBJC_ISA_USAGE = YES_ERROR;
				CLANG_WARN_DOCUMENTATION_COMMENTS = YES;
				CLANG_WARN_EMPTY_BODY = YES;
				CLANG_WARN_ENUM_CONVERSION = YES;
				CLANG_WARN_INFINITE_RECURSION = YES;
				CLANG_WARN_INT_CONVERSION = YES;
				CLANG_WARN_NON_LITERAL_NULL_CONVERSION = YES;
				CLANG_WARN_OBJC_IMPLICIT_RETAIN_SELF = YES;
				CLANG_WARN_OBJC_LITERAL_CONVERSION = YES;
				CLANG_WARN_OBJC_ROOT_CLASS = YES_ERROR;
				CLANG_WARN_QUOTED_INCLUDE_IN_FRAMEWORK_HEADER = YES;
				CLANG_WARN_RANGE_LOOP_ANALYSIS = YES;
				CLANG_WARN_STRICT_PROTOTYPES = YES;
				CLANG_WARN_SUSPICIOUS_MOVE = YES;
				CLANG_WARN_UNGUARDED_AVAILABILITY = YES_AGGRESSIVE;
				CLANG_WARN_UNREACHABLE_CODE = YES;
				CLANG_WARN__DUPLICATE_METHOD_MATCH = YES;
				COPY_PHASE_STRIP = NO;
				DEBUG_INFORMATION_FORMAT = dwarf;
				ENABLE_STRICT_OBJC_MSGSEND = YES;
				ENABLE_TESTABILITY = YES;
				GCC_C_LANGUAGE_STANDARD = gnu11;
				GCC_DYNAMIC_NO_PIC = NO;
				GCC_NO_COMMON_BLOCKS = YES;
				GCC_OPTIMIZATION_LEVEL = 0;
				GCC_PREPROCESSOR_DEFINITIONS = (
					"DEBUG=1",
					"$(inherited)",
				);
				GCC_WARN_64_TO_32_BIT_CONVERSION = YES;
				GCC_WARN_ABOUT_RETURN_TYPE = YES_ERROR;
				GCC_WARN_UNDECLARED_SELECTOR = YES;
				GCC_WARN_UNINITIALIZED_AUTOS = YES_AGGRESSIVE;
				GCC_WARN_UNUSED_FUNCTION = YES;
				GCC_WARN_UNUSED_VARIABLE = YES;
				MACOSX_DEPLOYMENT_TARGET = 11.1;
				MTL_ENABLE_DEBUG_INFO = INCLUDE_SOURCE;
				MTL_FAST_MATH = YES;
				ONLY_ACTIVE_ARCH = YES;
				SDKROOT = macosx;
				SWIFT_ACTIVE_COMPILATION_CONDITIONS = DEBUG;
				SWIFT_OPTIMIZATION_LEVEL = "-Onone";
			};
			name = Debug;
		};
		01E64E6325B549CC00BF1AE3 /* Release */ = {
			isa = XCBuildConfiguration;
			buildSettings = {
				ALWAYS_SEARCH_USER_PATHS = NO;
				CLANG_ANALYZER_NONNULL = YES;
				CLANG_ANALYZER_NUMBER_OBJECT_CONVERSION = YES_AGGRESSIVE;
				CLANG_CXX_LANGUAGE_STANDARD = "gnu++14";
				CLANG_CXX_LIBRARY = "libc++";
				CLANG_ENABLE_MODULES = YES;
				CLANG_ENABLE_OBJC_ARC = YES;
				CLANG_ENABLE_OBJC_WEAK = YES;
				CLANG_WARN_BLOCK_CAPTURE_AUTORELEASING = YES;
				CLANG_WARN_BOOL_CONVERSION = YES;
				CLANG_WARN_COMMA = YES;
				CLANG_WARN_CONSTANT_CONVERSION = YES;
				CLANG_WARN_DEPRECATED_OBJC_IMPLEMENTATIONS = YES;
				CLANG_WARN_DIRECT_OBJC_ISA_USAGE = YES_ERROR;
				CLANG_WARN_DOCUMENTATION_COMMENTS = YES;
				CLANG_WARN_EMPTY_BODY = YES;
				CLANG_WARN_ENUM_CONVERSION = YES;
				CLANG_WARN_INFINITE_RECURSION = YES;
				CLANG_WARN_INT_CONVERSION = YES;
				CLANG_WARN_NON_LITERAL_NULL_CONVERSION = YES;
				CLANG_WARN_OBJC_IMPLICIT_RETAIN_SELF = YES;
				CLANG_WARN_OBJC_LITERAL_CONVERSION = YES;
				CLANG_WARN_OBJC_ROOT_CLASS = YES_ERROR;
				CLANG_WARN_QUOTED_INCLUDE_IN_FRAMEWORK_HEADER = YES;
				CLANG_WARN_RANGE_LOOP_ANALYSIS = YES;
				CLANG_WARN_STRICT_PROTOTYPES = YES;
				CLANG_WARN_SUSPICIOUS_MOVE = YES;
				CLANG_WARN_UNGUARDED_AVAILABILITY = YES_AGGRESSIVE;
				CLANG_WARN_UNREACHABLE_CODE = YES;
				CLANG_WARN__DUPLICATE_METHOD_MATCH = YES;
				COPY_PHASE_STRIP = NO;
				DEBUG_INFORMATION_FORMAT = "dwarf-with-dsym";
				ENABLE_NS_ASSERTIONS = NO;
				ENABLE_STRICT_OBJC_MSGSEND = YES;
				GCC_C_LANGUAGE_STANDARD = gnu11;
				GCC_NO_COMMON_BLOCKS = YES;
				GCC_WARN_64_TO_32_BIT_CONVERSION = YES;
				GCC_WARN_ABOUT_RETURN_TYPE = YES_ERROR;
				GCC_WARN_UNDECLARED_SELECTOR = YES;
				GCC_WARN_UNINITIALIZED_AUTOS = YES_AGGRESSIVE;
				GCC_WARN_UNUSED_FUNCTION = YES;
				GCC_WARN_UNUSED_VARIABLE = YES;
				MACOSX_DEPLOYMENT_TARGET = 11.1;
				MTL_ENABLE_DEBUG_INFO = NO;
				MTL_FAST_MATH = YES;
				SDKROOT = macosx;
				SWIFT_COMPILATION_MODE = wholemodule;
				SWIFT_OPTIMIZATION_LEVEL = "-O";
			};
			name = Release;
		};
		01E64E6525B549CC00BF1AE3 /* Debug */ = {
			isa = XCBuildConfiguration;
			buildSettings = {
				ASSETCATALOG_COMPILER_APPICON_NAME = AppIcon;
				ASSETCATALOG_COMPILER_GLOBAL_ACCENT_COLOR_NAME = AccentColor;
				CLANG_ENABLE_MODULES = YES;
				CODE_SIGN_ENTITLEMENTS = "QuickTime ASS/QuickTime_ASS.entitlements";
				CODE_SIGN_STYLE = Manual;
				COMBINE_HIDPI_IMAGES = YES;
				DEVELOPMENT_TEAM = "";
				FRAMEWORK_SEARCH_PATHS = (
					"$(inherited)",
					"$(PROJECT_DIR)/Carthage/Build/Mac",
				);
				HEADER_SEARCH_PATHS = "$(PROJECT_DIR)/libass/include";
				INFOPLIST_FILE = "QuickTime ASS/Info.plist";
				LD_RUNPATH_SEARCH_PATHS = (
					"$(inherited)",
					"@executable_path/../Frameworks",
				);
				LIBRARY_SEARCH_PATHS = (
					"$(inherited)",
					"$(PROJECT_DIR)/libass/lib",
				);
				MACOSX_DEPLOYMENT_TARGET = 10.14;
				PRODUCT_BUNDLE_IDENTIFIER = "com.xjbeta.QuickTime-ASS";
				PRODUCT_NAME = "$(TARGET_NAME)";
				PROVISIONING_PROFILE_SPECIFIER = "";
				SWIFT_OBJC_BRIDGING_HEADER = "QuickTime ASS/QuickTime ASS-Bridging-Header.h";
				SWIFT_OPTIMIZATION_LEVEL = "-Onone";
				SWIFT_VERSION = 5.0;
			};
			name = Debug;
		};
		01E64E6625B549CC00BF1AE3 /* Release */ = {
			isa = XCBuildConfiguration;
			buildSettings = {
				ASSETCATALOG_COMPILER_APPICON_NAME = AppIcon;
				ASSETCATALOG_COMPILER_GLOBAL_ACCENT_COLOR_NAME = AccentColor;
				CLANG_ENABLE_MODULES = YES;
				CODE_SIGN_ENTITLEMENTS = "QuickTime ASS/QuickTime_ASS.entitlements";
				CODE_SIGN_STYLE = Manual;
				COMBINE_HIDPI_IMAGES = YES;
				DEVELOPMENT_TEAM = "";
				FRAMEWORK_SEARCH_PATHS = (
					"$(inherited)",
					"$(PROJECT_DIR)/Carthage/Build/Mac",
				);
				HEADER_SEARCH_PATHS = "$(PROJECT_DIR)/libass/include";
				INFOPLIST_FILE = "QuickTime ASS/Info.plist";
				LD_RUNPATH_SEARCH_PATHS = (
					"$(inherited)",
					"@executable_path/../Frameworks",
				);
				LIBRARY_SEARCH_PATHS = (
					"$(inherited)",
					"$(PROJECT_DIR)/libass/lib",
				);
				MACOSX_DEPLOYMENT_TARGET = 10.14;
				PRODUCT_BUNDLE_IDENTIFIER = "com.xjbeta.QuickTime-ASS";
				PRODUCT_NAME = "$(TARGET_NAME)";
				PROVISIONING_PROFILE_SPECIFIER = "";
				SWIFT_OBJC_BRIDGING_HEADER = "QuickTime ASS/QuickTime ASS-Bridging-Header.h";
				SWIFT_VERSION = 5.0;
			};
			name = Release;
		};
/* End XCBuildConfiguration section */

/* Begin XCConfigurationList section */
		01E64E4F25B549C900BF1AE3 /* Build configuration list for PBXProject "QuickTime ASS" */ = {
			isa = XCConfigurationList;
			buildConfigurations = (
				01E64E6225B549CC00BF1AE3 /* Debug */,
				01E64E6325B549CC00BF1AE3 /* Release */,
			);
			defaultConfigurationIsVisible = 0;
			defaultConfigurationName = Release;
		};
		01E64E6425B549CC00BF1AE3 /* Build configuration list for PBXNativeTarget "QuickTime ASS" */ = {
			isa = XCConfigurationList;
			buildConfigurations = (
				01E64E6525B549CC00BF1AE3 /* Debug */,
				01E64E6625B549CC00BF1AE3 /* Release */,
			);
			defaultConfigurationIsVisible = 0;
			defaultConfigurationName = Release;
		};
/* End XCConfigurationList section */
	};
	rootObject = 01E64E4C25B549C900BF1AE3 /* Project object */;
}
